// !$*UTF8*$!
{
	archiveVersion = 1;
	classes = {
	};
	objectVersion = 56;
	objects = {

/* Begin PBXBuildFile section */
		5E83BF0328F55EB800FEECDE /* AppDelegate.m in Sources */ = {isa = PBXBuildFile; fileRef = 5E83BF0228F55EB800FEECDE /* AppDelegate.m */; };
		5E83BF0628F55EB800FEECDE /* SceneDelegate.m in Sources */ = {isa = PBXBuildFile; fileRef = 5E83BF0528F55EB800FEECDE /* SceneDelegate.m */; };
		5E83BF0928F55EB800FEECDE /* ViewController.m in Sources */ = {isa = PBXBuildFile; fileRef = 5E83BF0828F55EB800FEECDE /* ViewController.m */; };
		5E83BF0C28F55EB800FEECDE /* Main.storyboard in Resources */ = {isa = PBXBuildFile; fileRef = 5E83BF0A28F55EB800FEECDE /* Main.storyboard */; };
		5E83BF0E28F55EB900FEECDE /* Assets.xcassets in Resources */ = {isa = PBXBuildFile; fileRef = 5E83BF0D28F55EB900FEECDE /* Assets.xcassets */; };
		5E83BF1128F55EB900FEECDE /* LaunchScreen.storyboard in Resources */ = {isa = PBXBuildFile; fileRef = 5E83BF0F28F55EB900FEECDE /* LaunchScreen.storyboard */; };
		5E83BF1428F55EB900FEECDE /* main.m in Sources */ = {isa = PBXBuildFile; fileRef = 5E83BF1328F55EB900FEECDE /* main.m */; };
		5E83BF1C28F55ED400FEECDE /* XLStuckMonitor.m in Sources */ = {isa = PBXBuildFile; fileRef = 5E83BF1B28F55ED400FEECDE /* XLStuckMonitor.m */; };
/* End PBXBuildFile section */

/* Begin PBXFileReference section */
		5E83BEFE28F55EB800FEECDE /* XLStuckMonitorDemo.app */ = {isa = PBXFileReference; explicitFileType = wrapper.application; includeInIndex = 0; path = XLStuckMonitorDemo.app; sourceTree = BUILT_PRODUCTS_DIR; };
		5E83BF0128F55EB800FEECDE /* AppDelegate.h */ = {isa = PBXFileReference; lastKnownFileType = sourcecode.c.h; path = AppDelegate.h; sourceTree = "<group>"; };
		5E83BF0228F55EB800FEECDE /* AppDelegate.m */ = {isa = PBXFileReference; lastKnownFileType = sourcecode.c.objc; path = AppDelegate.m; sourceTree = "<group>"; };
		5E83BF0428F55EB800FEECDE /* SceneDelegate.h */ = {isa = PBXFileReference; lastKnownFileType = sourcecode.c.h; path = SceneDelegate.h; sourceTree = "<group>"; };
		5E83BF0528F55EB800FEECDE /* SceneDelegate.m */ = {isa = PBXFileReference; lastKnownFileType = sourcecode.c.objc; path = SceneDelegate.m; sourceTree = "<group>"; };
		5E83BF0728F55EB800FEECDE /* ViewController.h */ = {isa = PBXFileReference; lastKnownFileType = sourcecode.c.h; path = ViewController.h; sourceTree = "<group>"; };
		5E83BF0828F55EB800FEECDE /* ViewController.m */ = {isa = PBXFileReference; lastKnownFileType = sourcecode.c.objc; path = ViewController.m; sourceTree = "<group>"; };
		5E83BF0B28F55EB800FEECDE /* Base */ = {isa = PBXFileReference; lastKnownFileType = file.storyboard; name = Base; path = Base.lproj/Main.storyboard; sourceTree = "<group>"; };
		5E83BF0D28F55EB900FEECDE /* Assets.xcassets */ = {isa = PBXFileReference; lastKnownFileType = folder.assetcatalog; path = Assets.xcassets; sourceTree = "<group>"; };
		5E83BF1028F55EB900FEECDE /* Base */ = {isa = PBXFileReference; lastKnownFileType = file.storyboard; name = Base; path = Base.lproj/LaunchScreen.storyboard; sourceTree = "<group>"; };
		5E83BF1228F55EB900FEECDE /* Info.plist */ = {isa = PBXFileReference; lastKnownFileType = text.plist.xml; path = Info.plist; sourceTree = "<group>"; };
		5E83BF1328F55EB900FEECDE /* main.m */ = {isa = PBXFileReference; lastKnownFileType = sourcecode.c.objc; path = main.m; sourceTree = "<group>"; };
		5E83BF1A28F55ED400FEECDE /* XLStuckMonitor.h */ = {isa = PBXFileReference; lastKnownFileType = sourcecode.c.h; path = XLStuckMonitor.h; sourceTree = "<group>"; };
		5E83BF1B28F55ED400FEECDE /* XLStuckMonitor.m */ = {isa = PBXFileReference; lastKnownFileType = sourcecode.c.objc; path = XLStuckMonitor.m; sourceTree = "<group>"; };
/* End PBXFileReference section */

/* Begin PBXFrameworksBuildPhase section */
		5E83BEFB28F55EB800FEECDE /* Frameworks */ = {
			isa = PBXFrameworksBuildPhase;
			buildActionMask = 2147483647;
			files = (
			);
			runOnlyForDeploymentPostprocessing = 0;
		};
/* End PBXFrameworksBuildPhase section */

/* Begin PBXGroup section */
		5E83BEF528F55EB800FEECDE = {
			isa = PBXGroup;
			children = (
				5E83BF0028F55EB800FEECDE /* XLStuckMonitorDemo */,
				5E83BEFF28F55EB800FEECDE /* Products */,
			);
			sourceTree = "<group>";
		};
		5E83BEFF28F55EB800FEECDE /* Products */ = {
			isa = PBXGroup;
			children = (
				5E83BEFE28F55EB800FEECDE /* XLStuckMonitorDemo.app */,
			);
			name = Products;
			sourceTree = "<group>";
		};
		5E83BF0028F55EB800FEECDE /* XLStuckMonitorDemo */ = {
			isa = PBXGroup;
			children = (
				5E83BF0128F55EB800FEECDE /* AppDelegate.h */,
				5E83BF0228F55EB800FEECDE /* AppDelegate.m */,
				5E83BF0428F55EB800FEECDE /* SceneDelegate.h */,
				5E83BF0528F55EB800FEECDE /* SceneDelegate.m */,
				5E83BF0728F55EB800FEECDE /* ViewController.h */,
				5E83BF0828F55EB800FEECDE /* ViewController.m */,
				5E83BF1A28F55ED400FEECDE /* XLStuckMonitor.h */,
				5E83BF1B28F55ED400FEECDE /* XLStuckMonitor.m */,
				5E83BF0A28F55EB800FEECDE /* Main.storyboard */,
				5E83BF0D28F55EB900FEECDE /* Assets.xcassets */,
				5E83BF0F28F55EB900FEECDE /* LaunchScreen.storyboard */,
				5E83BF1228F55EB900FEECDE /* Info.plist */,
				5E83BF1328F55EB900FEECDE /* main.m */,
			);
			path = XLStuckMonitorDemo;
			sourceTree = "<group>";
		};
/* End PBXGroup section */

/* Begin PBXNativeTarget section */
		5E83BEFD28F55EB800FEECDE /* XLStuckMonitorDemo */ = {
			isa = PBXNativeTarget;
			buildConfigurationList = 5E83BF1728F55EB900FEECDE /* Build configuration list for PBXNativeTarget "XLStuckMonitorDemo" */;
			buildPhases = (
				5E83BEFA28F55EB800FEECDE /* Sources */,
				5E83BEFB28F55EB800FEECDE /* Frameworks */,
				5E83BEFC28F55EB800FEECDE /* Resources */,
			);
			buildRules = (
			);
			dependencies = (
			);
			name = XLStuckMonitorDemo;
			productName = XLStuckMonitorDemo;
			productReference = 5E83BEFE28F55EB800FEECDE /* XLStuckMonitorDemo.app */;
			productType = "com.apple.product-type.application";
		};
/* End PBXNativeTarget section */

/* Begin PBXProject section */
		5E83BEF628F55EB800FEECDE /* Project object */ = {
			isa = PBXProject;
			attributes = {
				BuildIndependentTargetsInParallel = 1;
				LastUpgradeCheck = 1400;
				TargetAttributes = {
					5E83BEFD28F55EB800FEECDE = {
						CreatedOnToolsVersion = 14.0.1;
					};
				};
			};
			buildConfigurationList = 5E83BEF928F55EB800FEECDE /* Build configuration list for PBXProject "XLStuckMonitorDemo" */;
			compatibilityVersion = "Xcode 14.0";
			developmentRegion = en;
			hasScannedForEncodings = 0;
			knownRegions = (
				en,
				Base,
			);
			mainGroup = 5E83BEF528F55EB800FEECDE;
			productRefGroup = 5E83BEFF28F55EB800FEECDE /* Products */;
			projectDirPath = "";
			projectRoot = "";
			targets = (
				5E83BEFD28F55EB800FEECDE /* XLStuckMonitorDemo */,
			);
		};
/* End PBXProject section */

/* Begin PBXResourcesBuildPhase section */
		5E83BEFC28F55EB800FEECDE /* Resources */ = {
			isa = PBXResourcesBuildPhase;
			buildActionMask = 2147483647;
			files = (
				5E83BF1128F55EB900FEECDE /* LaunchScreen.storyboard in Resources */,
				5E83BF0E28F55EB900FEECDE /* Assets.xcassets in Resources */,
				5E83BF0C28F55EB800FEECDE /* Main.storyboard in Resources */,
			);
			runOnlyForDeploymentPostprocessing = 0;
		};
/* End PBXResourcesBuildPhase section */

/* Begin PBXSourcesBuildPhase section */
		5E83BEFA28F55EB800FEECDE /* Sources */ = {
			isa = PBXSourcesBuildPhase;
			buildActionMask = 2147483647;
			files = (
				5E83BF0928F55EB800FEECDE /* ViewController.m in Sources */,
				5E83BF1C28F55ED400FEECDE /* XLStuckMonitor.m in Sources */,
				5E83BF0328F55EB800FEECDE /* AppDelegate.m in Sources */,
				5E83BF1428F55EB900FEECDE /* main.m in Sources */,
				5E83BF0628F55EB800FEECDE /* SceneDelegate.m in Sources */,
			);
			runOnlyForDeploymentPostprocessing = 0;
		};
/* End PBXSourcesBuildPhase section */

/* Begin PBXVariantGroup section */
		5E83BF0A28F55EB800FEECDE /* Main.storyboard */ = {
			isa = PBXVariantGroup;
			children = (
				5E83BF0B28F55EB800FEECDE /* Base */,
			);
			name = Main.storyboard;
			sourceTree = "<group>";
		};
		5E83BF0F28F55EB900FEECDE /* LaunchScreen.storyboard */ = {
			isa = PBXVariantGroup;
			children = (
				5E83BF1028F55EB900FEECDE /* Base */,
			);
			name = LaunchScreen.storyboard;
			sourceTree = "<group>";
		};
/* End PBXVariantGroup section */

/* Begin XCBuildConfiguration section */
		5E83BF1528F55EB900FEECDE /* Debug */ = {
			isa = XCBuildConfiguration;
			buildSettings = {
				ALWAYS_SEARCH_USER_PATHS = NO;
				CLANG_ANALYZER_NONNULL = YES;
				CLANG_ANALYZER_NUMBER_OBJECT_CONVERSION = YES_AGGRESSIVE;
				CLANG_CXX_LANGUAGE_STANDARD = "gnu++20";
				CLANG_ENABLE_MODULES = YES;
				CLANG_ENABLE_OBJC_ARC = YES;
				CLANG_ENABLE_OBJC_WEAK = YES;
				CLANG_WARN_BLOCK_CAPTURE_AUTORELEASING = YES;
				CLANG_WARN_BOOL_CONVERSION = YES;
				CLANG_WARN_COMMA = YES;
				CLANG_WARN_CONSTANT_CONVERSION = YES;
				CLANG_WARN_DEPRECATED_OBJC_IMPLEMENTATIONS = YES;
				CLANG_WARN_DIRECT_OBJC_ISA_USAGE = YES_ERROR;
				CLANG_WARN_DOCUMENTATION_COMMENTS = YES;
				CLANG_WARN_EMPTY_BODY = YES;
				CLANG_WARN_ENUM_CONVERSION = YES;
				CLANG_WARN_INFINITE_RECURSION = YES;
				CLANG_WARN_INT_CONVERSION = YES;
				CLANG_WARN_NON_LITERAL_NULL_CONVERSION = YES;
				CLANG_WARN_OBJC_IMPLICIT_RETAIN_SELF = YES;
				CLANG_WARN_OBJC_LITERAL_CONVERSION = YES;
				CLANG_WARN_OBJC_ROOT_CLASS = YES_ERROR;
				CLANG_WARN_QUOTED_INCLUDE_IN_FRAMEWORK_HEADER = YES;
				CLANG_WARN_RANGE_LOOP_ANALYSIS = YES;
				CLANG_WARN_STRICT_PROTOTYPES = YES;
				CLANG_WARN_SUSPICIOUS_MOVE = YES;
				CLANG_WARN_UNGUARDED_AVAILABILITY = YES_AGGRESSIVE;
				CLANG_WARN_UNREACHABLE_CODE = YES;
				CLANG_WARN__DUPLICATE_METHOD_MATCH = YES;
				COPY_PHASE_STRIP = NO;
				DEBUG_INFORMATION_FORMAT = dwarf;
				ENABLE_STRICT_OBJC_MSGSEND = YES;
				ENABLE_TESTABILITY = YES;
				GCC_C_LANGUAGE_STANDARD = gnu11;
				GCC_DYNAMIC_NO_PIC = NO;
				GCC_NO_COMMON_BLOCKS = YES;
				GCC_OPTIMIZATION_LEVEL = 0;
				GCC_PREPROCESSOR_DEFINITIONS = (
					"DEBUG=1",
					"$(inherited)",
				);
				GCC_WARN_64_TO_32_BIT_CONVERSION = YES;
				GCC_WARN_ABOUT_RETURN_TYPE = YES_ERROR;
				GCC_WARN_UNDECLARED_SELECTOR = YES;
				GCC_WARN_UNINITIALIZED_AUTOS = YES_AGGRESSIVE;
				GCC_WARN_UNUSED_FUNCTION = YES;
				GCC_WARN_UNUSED_VARIABLE = YES;
				IPHONEOS_DEPLOYMENT_TARGET = 16.0;
				MTL_ENABLE_DEBUG_INFO = INCLUDE_SOURCE;
				MTL_FAST_MATH = YES;
				ONLY_ACTIVE_ARCH = YES;
				SDKROOT = iphoneos;
			};
			name = Debug;
		};
		5E83BF1628F55EB900FEECDE /* Release */ = {
			isa = XCBuildConfiguration;
			buildSettings = {
				ALWAYS_SEARCH_USER_PATHS = NO;
				CLANG_ANALYZER_NONNULL = YES;
				CLANG_ANALYZER_NUMBER_OBJECT_CONVERSION = YES_AGGRESSIVE;
				CLANG_CXX_LANGUAGE_STANDARD = "gnu++20";
				CLANG_ENABLE_MODULES = YES;
				CLANG_ENABLE_OBJC_ARC = YES;
				CLANG_ENABLE_OBJC_WEAK = YES;
				CLANG_WARN_BLOCK_CAPTURE_AUTORELEASING = YES;
				CLANG_WARN_BOOL_CONVERSION = YES;
				CLANG_WARN_COMMA = YES;
				CLANG_WARN_CONSTANT_CONVERSION = YES;
				CLANG_WARN_DEPRECATED_OBJC_IMPLEMENTATIONS = YES;
				CLANG_WARN_DIRECT_OBJC_ISA_USAGE = YES_ERROR;
				CLANG_WARN_DOCUMENTATION_COMMENTS = YES;
				CLANG_WARN_EMPTY_BODY = YES;
				CLANG_WARN_ENUM_CONVERSION = YES;
				CLANG_WARN_INFINITE_RECURSION = YES;
				CLANG_WARN_INT_CONVERSION = YES;
				CLANG_WARN_NON_LITERAL_NULL_CONVERSION = YES;
				CLANG_WARN_OBJC_IMPLICIT_RETAIN_SELF = YES;
				CLANG_WARN_OBJC_LITERAL_CONVERSION = YES;
				CLANG_WARN_OBJC_ROOT_CLASS = YES_ERROR;
				CLANG_WARN_QUOTED_INCLUDE_IN_FRAMEWORK_HEADER = YES;
				CLANG_WARN_RANGE_LOOP_ANALYSIS = YES;
				CLANG_WARN_STRICT_PROTOTYPES = YES;
				CLANG_WARN_SUSPICIOUS_MOVE = YES;
				CLANG_WARN_UNGUARDED_AVAILABILITY = YES_AGGRESSIVE;
				CLANG_WARN_UNREACHABLE_CODE = YES;
				CLANG_WARN__DUPLICATE_METHOD_MATCH = YES;
				COPY_PHASE_STRIP = NO;
				DEBUG_INFORMATION_FORMAT = "dwarf-with-dsym";
				ENABLE_NS_ASSERTIONS = NO;
				ENABLE_STRICT_OBJC_MSGSEND = YES;
				GCC_C_LANGUAGE_STANDARD = gnu11;
				GCC_NO_COMMON_BLOCKS = YES;
				GCC_WARN_64_TO_32_BIT_CONVERSION = YES;
				GCC_WARN_ABOUT_RETURN_TYPE = YES_ERROR;
				GCC_WARN_UNDECLARED_SELECTOR = YES;
				GCC_WARN_UNINITIALIZED_AUTOS = YES_AGGRESSIVE;
				GCC_WARN_UNUSED_FUNCTION = YES;
				GCC_WARN_UNUSED_VARIABLE = YES;
				IPHONEOS_DEPLOYMENT_TARGET = 16.0;
				MTL_ENABLE_DEBUG_INFO = NO;
				MTL_FAST_MATH = YES;
				SDKROOT = iphoneos;
				VALIDATE_PRODUCT = YES;
			};
			name = Release;
		};
		5E83BF1828F55EB900FEECDE /* Debug */ = {
			isa = XCBuildConfiguration;
			buildSettings = {
				ASSETCATALOG_COMPILER_APPICON_NAME = AppIcon;
				ASSETCATALOG_COMPILER_GLOBAL_ACCENT_COLOR_NAME = AccentColor;
				CODE_SIGN_STYLE = Automatic;
				CURRENT_PROJECT_VERSION = 1;
				DEVELOPMENT_TEAM = 9PL68U2V83;
				GENERATE_INFOPLIST_FILE = YES;
				INFOPLIST_FILE = XLStuckMonitorDemo/Info.plist;
				INFOPLIST_KEY_UIApplicationSupportsIndirectInputEvents = YES;
				INFOPLIST_KEY_UILaunchStoryboardName = LaunchScreen;
				INFOPLIST_KEY_UIMainStoryboardFile = Main;
				INFOPLIST_KEY_UISupportedInterfaceOrientations_iPad = "UIInterfaceOrientationPortrait UIInterfaceOrientationPortraitUpsideDown UIInterfaceOrientationLandscapeLeft UIInterfaceOrientationLandscapeRight";
				INFOPLIST_KEY_UISupportedInterfaceOrientations_iPhone = "UIInterfaceOrientationPortrait UIInterfaceOrientationLandscapeLeft UIInterfaceOrientationLandscapeRight";
				IPHONEOS_DEPLOYMENT_TARGET = 14.0;
				LD_RUNPATH_SEARCH_PATHS = (
					"$(inherited)",
					"@executable_path/Frameworks",
				);
				MARKETING_VERSION = 1.0;
				PRODUCT_BUNDLE_IDENTIFIER = com.xl.XLStuckMonitorDemo;
				PRODUCT_NAME = "$(TARGET_NAME)";
				SWIFT_EMIT_LOC_STRINGS = YES;
				TARGETED_DEVICE_FAMILY = "1,2";
			};
			name = Debug;
		};
		5E83BF1928F55EB900FEECDE /* Release */ = {
			isa = XCBuildConfiguration;
			buildSettings = {
				ASSETCATALOG_COMPILER_APPICON_NAME = AppIcon;
				ASSETCATALOG_COMPILER_GLOBAL_ACCENT_COLOR_NAME = AccentColor;
				CODE_SIGN_STYLE = Automatic;
				CURRENT_PROJECT_VERSION = 1;
				DEVELOPMENT_TEAM = 9PL68U2V83;
				GENERATE_INFOPLIST_FILE = YES;
				INFOPLIST_FILE = XLStuckMonitorDemo/Info.plist;
				INFOPLIST_KEY_UIApplicationSupportsIndirectInputEvents = YES;
				INFOPLIST_KEY_UILaunchStoryboardName = LaunchScreen;
				INFOPLIST_KEY_UIMainStoryboardFile = Main;
				INFOPLIST_KEY_UISupportedInterfaceOrientations_iPad = "UIInterfaceOrientationPortrait UIInterfaceOrientationPortraitUpsideDown UIInterfaceOrientationLandscapeLeft UIInterfaceOrientationLandscapeRight";
				INFOPLIST_KEY_UISupportedInterfaceOrientations_iPhone = "UIInterfaceOrientationPortrait UIInterfaceOrientationLandscapeLeft UIInterfaceOrientationLandscapeRight";
				IPHONEOS_DEPLOYMENT_TARGET = 14.0;
				LD_RUNPATH_SEARCH_PATHS = (
					"$(inherited)",
					"@executable_path/Frameworks",
				);
				MARKETING_VERSION = 1.0;
				PRODUCT_BUNDLE_IDENTIFIER = com.xl.XLStuckMonitorDemo;
				PRODUCT_NAME = "$(TARGET_NAME)";
				SWIFT_EMIT_LOC_STRINGS = YES;
				TARGETED_DEVICE_FAMILY = "1,2";
			};
			name = Release;
		};
/* End XCBuildConfiguration section */

/* Begin XCConfigurationList section */
		5E83BEF928F55EB800FEECDE /* Build configuration list for PBXProject "XLStuckMonitorDemo" */ = {
			isa = XCConfigurationList;
			buildConfigurations = (
				5E83BF1528F55EB900FEECDE /* Debug */,
				5E83BF1628F55EB900FEECDE /* Release */,
			);
			defaultConfigurationIsVisible = 0;
			defaultConfigurationName = Release;
		};
		5E83BF1728F55EB900FEECDE /* Build configuration list for PBXNativeTarget "XLStuckMonitorDemo" */ = {
			isa = XCConfigurationList;
			buildConfigurations = (
				5E83BF1828F55EB900FEECDE /* Debug */,
				5E83BF1928F55EB900FEECDE /* Release */,
			);
			defaultConfigurationIsVisible = 0;
			defaultConfigurationName = Release;
		};
/* End XCConfigurationList section */
	};
	rootObject = 5E83BEF628F55EB800FEECDE /* Project object */;
}
