// !$*UTF8*$!
{
	archiveVersion = 1;
	classes = {
	};
	objectVersion = 56;
	objects = {

/* Begin PBXBuildFile section */
		5E83BEC828F55D6800FEECDE /* AppDelegate.m in Sources */ = {isa = PBXBuildFile; fileRef = 5E83BEC728F55D6800FEECDE /* AppDelegate.m */; };
		5E83BECB28F55D6800FEECDE /* SceneDelegate.m in Sources */ = {isa = PBXBuildFile; fileRef = 5E83BECA28F55D6800FEECDE /* SceneDelegate.m */; };
		5E83BECE28F55D6800FEECDE /* ViewController.m in Sources */ = {isa = PBXBuildFile; fileRef = 5E83BECD28F55D6800FEECDE /* ViewController.m */; };
		5E83BED128F55D6800FEECDE /* Main.storyboard in Resources */ = {isa = PBXBuildFile; fileRef = 5E83BECF28F55D6800FEECDE /* Main.storyboard */; };
		5E83BED328F55D6A00FEECDE /* Assets.xcassets in Resources */ = {isa = PBXBuildFile; fileRef = 5E83BED228F55D6A00FEECDE /* Assets.xcassets */; };
		5E83BED628F55D6A00FEECDE /* LaunchScreen.storyboard in Resources */ = {isa = PBXBuildFile; fileRef = 5E83BED428F55D6A00FEECDE /* LaunchScreen.storyboard */; };
		5E83BED928F55D6A00FEECDE /* main.m in Sources */ = {isa = PBXBuildFile; fileRef = 5E83BED828F55D6A00FEECDE /* main.m */; };
		5E83BEEF28F55D8300FEECDE /* Question3.m in Sources */ = {isa = PBXBuildFile; fileRef = 5E83BEE128F55D8100FEECDE /* Question3.m */; };
		5E83BEF028F55D8300FEECDE /* fishhook.c in Sources */ = {isa = PBXBuildFile; fileRef = 5E83BEE228F55D8100FEECDE /* fishhook.c */; };
		5E83BEF128F55D8300FEECDE /* NSObject+HookEveryBlock.m in Sources */ = {isa = PBXBuildFile; fileRef = 5E83BEE328F55D8100FEECDE /* NSObject+HookEveryBlock.m */; };
		5E83BEF228F55D8300FEECDE /* NSObject+HookBlock.m in Sources */ = {isa = PBXBuildFile; fileRef = 5E83BEE828F55D8200FEECDE /* NSObject+HookBlock.m */; };
		5E83BEF328F55D8300FEECDE /* Question2.m in Sources */ = {isa = PBXBuildFile; fileRef = 5E83BEEA28F55D8200FEECDE /* Question2.m */; };
		5E83BEF428F55D8300FEECDE /* Question1.m in Sources */ = {isa = PBXBuildFile; fileRef = 5E83BEEE28F55D8300FEECDE /* Question1.m */; };
/* End PBXBuildFile section */

/* Begin PBXFileReference section */
		5E83BEC328F55D6800FEECDE /* XLHookBlockDemo.app */ = {isa = PBXFileReference; explicitFileType = wrapper.application; includeInIndex = 0; path = XLHookBlockDemo.app; sourceTree = BUILT_PRODUCTS_DIR; };
		5E83BEC628F55D6800FEECDE /* AppDelegate.h */ = {isa = PBXFileReference; lastKnownFileType = sourcecode.c.h; path = AppDelegate.h; sourceTree = "<group>"; };
		5E83BEC728F55D6800FEECDE /* AppDelegate.m */ = {isa = PBXFileReference; lastKnownFileType = sourcecode.c.objc; path = AppDelegate.m; sourceTree = "<group>"; };
		5E83BEC928F55D6800FEECDE /* SceneDelegate.h */ = {isa = PBXFileReference; lastKnownFileType = sourcecode.c.h; path = SceneDelegate.h; sourceTree = "<group>"; };
		5E83BECA28F55D6800FEECDE /* SceneDelegate.m */ = {isa = PBXFileReference; lastKnownFileType = sourcecode.c.objc; path = SceneDelegate.m; sourceTree = "<group>"; };
		5E83BECC28F55D6800FEECDE /* ViewController.h */ = {isa = PBXFileReference; lastKnownFileType = sourcecode.c.h; path = ViewController.h; sourceTree = "<group>"; };
		5E83BECD28F55D6800FEECDE /* ViewController.m */ = {isa = PBXFileReference; lastKnownFileType = sourcecode.c.objc; path = ViewController.m; sourceTree = "<group>"; };
		5E83BED028F55D6800FEECDE /* Base */ = {isa = PBXFileReference; lastKnownFileType = file.storyboard; name = Base; path = Base.lproj/Main.storyboard; sourceTree = "<group>"; };
		5E83BED228F55D6A00FEECDE /* Assets.xcassets */ = {isa = PBXFileReference; lastKnownFileType = folder.assetcatalog; path = Assets.xcassets; sourceTree = "<group>"; };
		5E83BED528F55D6A00FEECDE /* Base */ = {isa = PBXFileReference; lastKnownFileType = file.storyboard; name = Base; path = Base.lproj/LaunchScreen.storyboard; sourceTree = "<group>"; };
		5E83BED728F55D6A00FEECDE /* Info.plist */ = {isa = PBXFileReference; lastKnownFileType = text.plist.xml; path = Info.plist; sourceTree = "<group>"; };
		5E83BED828F55D6A00FEECDE /* main.m */ = {isa = PBXFileReference; lastKnownFileType = sourcecode.c.objc; path = main.m; sourceTree = "<group>"; };
		5E83BEE028F55D8100FEECDE /* NSObject+HookEveryBlock.h */ = {isa = PBXFileReference; fileEncoding = 4; lastKnownFileType = sourcecode.c.h; path = "NSObject+HookEveryBlock.h"; sourceTree = "<group>"; };
		5E83BEE128F55D8100FEECDE /* Question3.m */ = {isa = PBXFileReference; fileEncoding = 4; lastKnownFileType = sourcecode.c.objc; path = Question3.m; sourceTree = "<group>"; };
		5E83BEE228F55D8100FEECDE /* fishhook.c */ = {isa = PBXFileReference; fileEncoding = 4; lastKnownFileType = sourcecode.c.c; path = fishhook.c; sourceTree = "<group>"; };
		5E83BEE328F55D8100FEECDE /* NSObject+HookEveryBlock.m */ = {isa = PBXFileReference; fileEncoding = 4; lastKnownFileType = sourcecode.c.objc; path = "NSObject+HookEveryBlock.m"; sourceTree = "<group>"; };
		5E83BEE428F55D8100FEECDE /* Question3.h */ = {isa = PBXFileReference; fileEncoding = 4; lastKnownFileType = sourcecode.c.h; path = Question3.h; sourceTree = "<group>"; };
		5E83BEE528F55D8100FEECDE /* fishhook.h */ = {isa = PBXFileReference; fileEncoding = 4; lastKnownFileType = sourcecode.c.h; path = fishhook.h; sourceTree = "<group>"; };
		5E83BEE728F55D8200FEECDE /* Question2.h */ = {isa = PBXFileReference; fileEncoding = 4; lastKnownFileType = sourcecode.c.h; path = Question2.h; sourceTree = "<group>"; };
		5E83BEE828F55D8200FEECDE /* NSObject+HookBlock.m */ = {isa = PBXFileReference; fileEncoding = 4; lastKnownFileType = sourcecode.c.objc; path = "NSObject+HookBlock.m"; sourceTree = "<group>"; };
		5E83BEE928F55D8200FEECDE /* NSObject+HookBlock.h */ = {isa = PBXFileReference; fileEncoding = 4; lastKnownFileType = sourcecode.c.h; path = "NSObject+HookBlock.h"; sourceTree = "<group>"; };
		5E83BEEA28F55D8200FEECDE /* Question2.m */ = {isa = PBXFileReference; fileEncoding = 4; lastKnownFileType = sourcecode.c.objc; path = Question2.m; sourceTree = "<group>"; };
		5E83BEEB28F55D8200FEECDE /* Block.h */ = {isa = PBXFileReference; fileEncoding = 4; lastKnownFileType = sourcecode.c.h; path = Block.h; sourceTree = "<group>"; };
		5E83BEED28F55D8300FEECDE /* Question1.h */ = {isa = PBXFileReference; fileEncoding = 4; lastKnownFileType = sourcecode.c.h; path = Question1.h; sourceTree = "<group>"; };
		5E83BEEE28F55D8300FEECDE /* Question1.m */ = {isa = PBXFileReference; fileEncoding = 4; lastKnownFileType = sourcecode.c.objc; path = Question1.m; sourceTree = "<group>"; };
/* End PBXFileReference section */

/* Begin PBXFrameworksBuildPhase section */
		5E83BEC028F55D6800FEECDE /* Frameworks */ = {
			isa = PBXFrameworksBuildPhase;
			buildActionMask = 2147483647;
			files = (
			);
			runOnlyForDeploymentPostprocessing = 0;
		};
/* End PBXFrameworksBuildPhase section */

/* Begin PBXGroup section */
		5E83BEBA28F55D6700FEECDE = {
			isa = PBXGroup;
			children = (
				5E83BEC528F55D6800FEECDE /* XLHookBlockDemo */,
				5E83BEC428F55D6800FEECDE /* Products */,
			);
			sourceTree = "<group>";
		};
		5E83BEC428F55D6800FEECDE /* Products */ = {
			isa = PBXGroup;
			children = (
				5E83BEC328F55D6800FEECDE /* XLHookBlockDemo.app */,
			);
			name = Products;
			sourceTree = "<group>";
		};
		5E83BEC528F55D6800FEECDE /* XLHookBlockDemo */ = {
			isa = PBXGroup;
			children = (
				5E83BEEB28F55D8200FEECDE /* Block.h */,
				5E83BEEC28F55D8300FEECDE /* Question1 */,
				5E83BEE628F55D8200FEECDE /* Question2 */,
				5E83BEDF28F55D8100FEECDE /* Question3 */,
				5E83BEC628F55D6800FEECDE /* AppDelegate.h */,
				5E83BEC728F55D6800FEECDE /* AppDelegate.m */,
				5E83BEC928F55D6800FEECDE /* SceneDelegate.h */,
				5E83BECA28F55D6800FEECDE /* SceneDelegate.m */,
				5E83BECC28F55D6800FEECDE /* ViewController.h */,
				5E83BECD28F55D6800FEECDE /* ViewController.m */,
				5E83BECF28F55D6800FEECDE /* Main.storyboard */,
				5E83BED228F55D6A00FEECDE /* Assets.xcassets */,
				5E83BED428F55D6A00FEECDE /* LaunchScreen.storyboard */,
				5E83BED728F55D6A00FEECDE /* Info.plist */,
				5E83BED828F55D6A00FEECDE /* main.m */,
			);
			path = XLHookBlockDemo;
			sourceTree = "<group>";
		};
		5E83BEDF28F55D8100FEECDE /* Question3 */ = {
			isa = PBXGroup;
			children = (
				5E83BEE528F55D8100FEECDE /* fishhook.h */,
				5E83BEE228F55D8100FEECDE /* fishhook.c */,
				5E83BEE028F55D8100FEECDE /* NSObject+HookEveryBlock.h */,
				5E83BEE328F55D8100FEECDE /* NSObject+HookEveryBlock.m */,
				5E83BEE428F55D8100FEECDE /* Question3.h */,
				5E83BEE128F55D8100FEECDE /* Question3.m */,
			);
			path = Question3;
			sourceTree = "<group>";
		};
		5E83BEE628F55D8200FEECDE /* Question2 */ = {
			isa = PBXGroup;
			children = (
				5E83BEE928F55D8200FEECDE /* NSObject+HookBlock.h */,
				5E83BEE828F55D8200FEECDE /* NSObject+HookBlock.m */,
				5E83BEE728F55D8200FEECDE /* Question2.h */,
				5E83BEEA28F55D8200FEECDE /* Question2.m */,
			);
			path = Question2;
			sourceTree = "<group>";
		};
		5E83BEEC28F55D8300FEECDE /* Question1 */ = {
			isa = PBXGroup;
			children = (
				5E83BEED28F55D8300FEECDE /* Question1.h */,
				5E83BEEE28F55D8300FEECDE /* Question1.m */,
			);
			path = Question1;
			sourceTree = "<group>";
		};
/* End PBXGroup section */

/* Begin PBXNativeTarget section */
		5E83BEC228F55D6800FEECDE /* XLHookBlockDemo */ = {
			isa = PBXNativeTarget;
			buildConfigurationList = 5E83BEDC28F55D6A00FEECDE /* Build configuration list for PBXNativeTarget "XLHookBlockDemo" */;
			buildPhases = (
				5E83BEBF28F55D6800FEECDE /* Sources */,
				5E83BEC028F55D6800FEECDE /* Frameworks */,
				5E83BEC128F55D6800FEECDE /* Resources */,
			);
			buildRules = (
			);
			dependencies = (
			);
			name = XLHookBlockDemo;
			productName = XLHookBlockDemo;
			productReference = 5E83BEC328F55D6800FEECDE /* XLHookBlockDemo.app */;
			productType = "com.apple.product-type.application";
		};
/* End PBXNativeTarget section */

/* Begin PBXProject section */
		5E83BEBB28F55D6700FEECDE /* Project object */ = {
			isa = PBXProject;
			attributes = {
				BuildIndependentTargetsInParallel = 1;
				LastUpgradeCheck = 1400;
				TargetAttributes = {
					5E83BEC228F55D6800FEECDE = {
						CreatedOnToolsVersion = 14.0.1;
					};
				};
			};
			buildConfigurationList = 5E83BEBE28F55D6700FEECDE /* Build configuration list for PBXProject "XLHookBlockDemo" */;
			compatibilityVersion = "Xcode 14.0";
			developmentRegion = en;
			hasScannedForEncodings = 0;
			knownRegions = (
				en,
				Base,
			);
			mainGroup = 5E83BEBA28F55D6700FEECDE;
			productRefGroup = 5E83BEC428F55D6800FEECDE /* Products */;
			projectDirPath = "";
			projectRoot = "";
			targets = (
				5E83BEC228F55D6800FEECDE /* XLHookBlockDemo */,
			);
		};
/* End PBXProject section */

/* Begin PBXResourcesBuildPhase section */
		5E83BEC128F55D6800FEECDE /* Resources */ = {
			isa = PBXResourcesBuildPhase;
			buildActionMask = 2147483647;
			files = (
				5E83BED628F55D6A00FEECDE /* LaunchScreen.storyboard in Resources */,
				5E83BED328F55D6A00FEECDE /* Assets.xcassets in Resources */,
				5E83BED128F55D6800FEECDE /* Main.storyboard in Resources */,
			);
			runOnlyForDeploymentPostprocessing = 0;
		};
/* End PBXResourcesBuildPhase section */

/* Begin PBXSourcesBuildPhase section */
		5E83BEBF28F55D6800FEECDE /* Sources */ = {
			isa = PBXSourcesBuildPhase;
			buildActionMask = 2147483647;
			files = (
				5E83BECE28F55D6800FEECDE /* ViewController.m in Sources */,
				5E83BEF428F55D8300FEECDE /* Question1.m in Sources */,
				5E83BEC828F55D6800FEECDE /* AppDelegate.m in Sources */,
				5E83BED928F55D6A00FEECDE /* main.m in Sources */,
				5E83BEEF28F55D8300FEECDE /* Question3.m in Sources */,
				5E83BEF028F55D8300FEECDE /* fishhook.c in Sources */,
				5E83BEF128F55D8300FEECDE /* NSObject+HookEveryBlock.m in Sources */,
				5E83BEF228F55D8300FEECDE /* NSObject+HookBlock.m in Sources */,
				5E83BEF328F55D8300FEECDE /* Question2.m in Sources */,
				5E83BECB28F55D6800FEECDE /* SceneDelegate.m in Sources */,
			);
			runOnlyForDeploymentPostprocessing = 0;
		};
/* End PBXSourcesBuildPhase section */

/* Begin PBXVariantGroup section */
		5E83BECF28F55D6800FEECDE /* Main.storyboard */ = {
			isa = PBXVariantGroup;
			children = (
				5E83BED028F55D6800FEECDE /* Base */,
			);
			name = Main.storyboard;
			sourceTree = "<group>";
		};
		5E83BED428F55D6A00FEECDE /* LaunchScreen.storyboard */ = {
			isa = PBXVariantGroup;
			children = (
				5E83BED528F55D6A00FEECDE /* Base */,
			);
			name = LaunchScreen.storyboard;
			sourceTree = "<group>";
		};
/* End PBXVariantGroup section */

/* Begin XCBuildConfiguration section */
		5E83BEDA28F55D6A00FEECDE /* Debug */ = {
			isa = XCBuildConfiguration;
			buildSettings = {
				ALWAYS_SEARCH_USER_PATHS = NO;
				CLANG_ANALYZER_NONNULL = YES;
				CLANG_ANALYZER_NUMBER_OBJECT_CONVERSION = YES_AGGRESSIVE;
				CLANG_CXX_LANGUAGE_STANDARD = "gnu++20";
				CLANG_ENABLE_MODULES = YES;
				CLANG_ENABLE_OBJC_ARC = YES;
				CLANG_ENABLE_OBJC_WEAK = YES;
				CLANG_WARN_BLOCK_CAPTURE_AUTORELEASING = YES;
				CLANG_WARN_BOOL_CONVERSION = YES;
				CLANG_WARN_COMMA = YES;
				CLANG_WARN_CONSTANT_CONVERSION = YES;
				CLANG_WARN_DEPRECATED_OBJC_IMPLEMENTATIONS = YES;
				CLANG_WARN_DIRECT_OBJC_ISA_USAGE = YES_ERROR;
				CLANG_WARN_DOCUMENTATION_COMMENTS = YES;
				CLANG_WARN_EMPTY_BODY = YES;
				CLANG_WARN_ENUM_CONVERSION = YES;
				CLANG_WARN_INFINITE_RECURSION = YES;
				CLANG_WARN_INT_CONVERSION = YES;
				CLANG_WARN_NON_LITERAL_NULL_CONVERSION = YES;
				CLANG_WARN_OBJC_IMPLICIT_RETAIN_SELF = YES;
				CLANG_WARN_OBJC_LITERAL_CONVERSION = YES;
				CLANG_WARN_OBJC_ROOT_CLASS = YES_ERROR;
				CLANG_WARN_QUOTED_INCLUDE_IN_FRAMEWORK_HEADER = YES;
				CLANG_WARN_RANGE_LOOP_ANALYSIS = YES;
				CLANG_WARN_STRICT_PROTOTYPES = YES;
				CLANG_WARN_SUSPICIOUS_MOVE = YES;
				CLANG_WARN_UNGUARDED_AVAILABILITY = YES_AGGRESSIVE;
				CLANG_WARN_UNREACHABLE_CODE = YES;
				CLANG_WARN__DUPLICATE_METHOD_MATCH = YES;
				COPY_PHASE_STRIP = NO;
				DEBUG_INFORMATION_FORMAT = dwarf;
				ENABLE_STRICT_OBJC_MSGSEND = YES;
				ENABLE_TESTABILITY = YES;
				GCC_C_LANGUAGE_STANDARD = gnu11;
				GCC_DYNAMIC_NO_PIC = NO;
				GCC_NO_COMMON_BLOCKS = YES;
				GCC_OPTIMIZATION_LEVEL = 0;
				GCC_PREPROCESSOR_DEFINITIONS = (
					"DEBUG=1",
					"$(inherited)",
				);
				GCC_WARN_64_TO_32_BIT_CONVERSION = YES;
				GCC_WARN_ABOUT_RETURN_TYPE = YES_ERROR;
				GCC_WARN_UNDECLARED_SELECTOR = YES;
				GCC_WARN_UNINITIALIZED_AUTOS = YES_AGGRESSIVE;
				GCC_WARN_UNUSED_FUNCTION = YES;
				GCC_WARN_UNUSED_VARIABLE = YES;
				IPHONEOS_DEPLOYMENT_TARGET = 16.0;
				MTL_ENABLE_DEBUG_INFO = INCLUDE_SOURCE;
				MTL_FAST_MATH = YES;
				ONLY_ACTIVE_ARCH = YES;
				SDKROOT = iphoneos;
			};
			name = Debug;
		};
		5E83BEDB28F55D6A00FEECDE /* Release */ = {
			isa = XCBuildConfiguration;
			buildSettings = {
				ALWAYS_SEARCH_USER_PATHS = NO;
				CLANG_ANALYZER_NONNULL = YES;
				CLANG_ANALYZER_NUMBER_OBJECT_CONVERSION = YES_AGGRESSIVE;
				CLANG_CXX_LANGUAGE_STANDARD = "gnu++20";
				CLANG_ENABLE_MODULES = YES;
				CLANG_ENABLE_OBJC_ARC = YES;
				CLANG_ENABLE_OBJC_WEAK = YES;
				CLANG_WARN_BLOCK_CAPTURE_AUTORELEASING = YES;
				CLANG_WARN_BOOL_CONVERSION = YES;
				CLANG_WARN_COMMA = YES;
				CLANG_WARN_CONSTANT_CONVERSION = YES;
				CLANG_WARN_DEPRECATED_OBJC_IMPLEMENTATIONS = YES;
				CLANG_WARN_DIRECT_OBJC_ISA_USAGE = YES_ERROR;
				CLANG_WARN_DOCUMENTATION_COMMENTS = YES;
				CLANG_WARN_EMPTY_BODY = YES;
				CLANG_WARN_ENUM_CONVERSION = YES;
				CLANG_WARN_INFINITE_RECURSION = YES;
				CLANG_WARN_INT_CONVERSION = YES;
				CLANG_WARN_NON_LITERAL_NULL_CONVERSION = YES;
				CLANG_WARN_OBJC_IMPLICIT_RETAIN_SELF = YES;
				CLANG_WARN_OBJC_LITERAL_CONVERSION = YES;
				CLANG_WARN_OBJC_ROOT_CLASS = YES_ERROR;
				CLANG_WARN_QUOTED_INCLUDE_IN_FRAMEWORK_HEADER = YES;
				CLANG_WARN_RANGE_LOOP_ANALYSIS = YES;
				CLANG_WARN_STRICT_PROTOTYPES = YES;
				CLANG_WARN_SUSPICIOUS_MOVE = YES;
				CLANG_WARN_UNGUARDED_AVAILABILITY = YES_AGGRESSIVE;
				CLANG_WARN_UNREACHABLE_CODE = YES;
				CLANG_WARN__DUPLICATE_METHOD_MATCH = YES;
				COPY_PHASE_STRIP = NO;
				DEBUG_INFORMATION_FORMAT = "dwarf-with-dsym";
				ENABLE_NS_ASSERTIONS = NO;
				ENABLE_STRICT_OBJC_MSGSEND = YES;
				GCC_C_LANGUAGE_STANDARD = gnu11;
				GCC_NO_COMMON_BLOCKS = YES;
				GCC_WARN_64_TO_32_BIT_CONVERSION = YES;
				GCC_WARN_ABOUT_RETURN_TYPE = YES_ERROR;
				GCC_WARN_UNDECLARED_SELECTOR = YES;
				GCC_WARN_UNINITIALIZED_AUTOS = YES_AGGRESSIVE;
				GCC_WARN_UNUSED_FUNCTION = YES;
				GCC_WARN_UNUSED_VARIABLE = YES;
				IPHONEOS_DEPLOYMENT_TARGET = 16.0;
				MTL_ENABLE_DEBUG_INFO = NO;
				MTL_FAST_MATH = YES;
				SDKROOT = iphoneos;
				VALIDATE_PRODUCT = YES;
			};
			name = Release;
		};
		5E83BEDD28F55D6A00FEECDE /* Debug */ = {
			isa = XCBuildConfiguration;
			buildSettings = {
				ASSETCATALOG_COMPILER_APPICON_NAME = AppIcon;
				ASSETCATALOG_COMPILER_GLOBAL_ACCENT_COLOR_NAME = AccentColor;
				CODE_SIGN_STYLE = Automatic;
				CURRENT_PROJECT_VERSION = 1;
				DEVELOPMENT_TEAM = 9PL68U2V83;
				GENERATE_INFOPLIST_FILE = YES;
				INFOPLIST_FILE = XLHookBlockDemo/Info.plist;
				INFOPLIST_KEY_UIApplicationSupportsIndirectInputEvents = YES;
				INFOPLIST_KEY_UILaunchStoryboardName = LaunchScreen;
				INFOPLIST_KEY_UIMainStoryboardFile = Main;
				INFOPLIST_KEY_UISupportedInterfaceOrientations_iPad = "UIInterfaceOrientationPortrait UIInterfaceOrientationPortraitUpsideDown UIInterfaceOrientationLandscapeLeft UIInterfaceOrientationLandscapeRight";
				INFOPLIST_KEY_UISupportedInterfaceOrientations_iPhone = "UIInterfaceOrientationPortrait UIInterfaceOrientationLandscapeLeft UIInterfaceOrientationLandscapeRight";
				IPHONEOS_DEPLOYMENT_TARGET = 12.0;
				LD_RUNPATH_SEARCH_PATHS = (
					"$(inherited)",
					"@executable_path/Frameworks",
				);
				MARKETING_VERSION = 1.0;
				PRODUCT_BUNDLE_IDENTIFIER = com.xl.XLHookBlockDemo;
				PRODUCT_NAME = "$(TARGET_NAME)";
				SWIFT_EMIT_LOC_STRINGS = YES;
				TARGETED_DEVICE_FAMILY = "1,2";
			};
			name = Debug;
		};
		5E83BEDE28F55D6A00FEECDE /* Release */ = {
			isa = XCBuildConfiguration;
			buildSettings = {
				ASSETCATALOG_COMPILER_APPICON_NAME = AppIcon;
				ASSETCATALOG_COMPILER_GLOBAL_ACCENT_COLOR_NAME = AccentColor;
				CODE_SIGN_STYLE = Automatic;
				CURRENT_PROJECT_VERSION = 1;
				DEVELOPMENT_TEAM = 9PL68U2V83;
				GENERATE_INFOPLIST_FILE = YES;
				INFOPLIST_FILE = XLHookBlockDemo/Info.plist;
				INFOPLIST_KEY_UIApplicationSupportsIndirectInputEvents = YES;
				INFOPLIST_KEY_UILaunchStoryboardName = LaunchScreen;
				INFOPLIST_KEY_UIMainStoryboardFile = Main;
				INFOPLIST_KEY_UISupportedInterfaceOrientations_iPad = "UIInterfaceOrientationPortrait UIInterfaceOrientationPortraitUpsideDown UIInterfaceOrientationLandscapeLeft UIInterfaceOrientationLandscapeRight";
				INFOPLIST_KEY_UISupportedInterfaceOrientations_iPhone = "UIInterfaceOrientationPortrait UIInterfaceOrientationLandscapeLeft UIInterfaceOrientationLandscapeRight";
				IPHONEOS_DEPLOYMENT_TARGET = 12.0;
				LD_RUNPATH_SEARCH_PATHS = (
					"$(inherited)",
					"@executable_path/Frameworks",
				);
				MARKETING_VERSION = 1.0;
				PRODUCT_BUNDLE_IDENTIFIER = com.xl.XLHookBlockDemo;
				PRODUCT_NAME = "$(TARGET_NAME)";
				SWIFT_EMIT_LOC_STRINGS = YES;
				TARGETED_DEVICE_FAMILY = "1,2";
			};
			name = Release;
		};
/* End XCBuildConfiguration section */

/* Begin XCConfigurationList section */
		5E83BEBE28F55D6700FEECDE /* Build configuration list for PBXProject "XLHookBlockDemo" */ = {
			isa = XCConfigurationList;
			buildConfigurations = (
				5E83BEDA28F55D6A00FEECDE /* Debug */,
				5E83BEDB28F55D6A00FEECDE /* Release */,
			);
			defaultConfigurationIsVisible = 0;
			defaultConfigurationName = Release;
		};
		5E83BEDC28F55D6A00FEECDE /* Build configuration list for PBXNativeTarget "XLHookBlockDemo" */ = {
			isa = XCConfigurationList;
			buildConfigurations = (
				5E83BEDD28F55D6A00FEECDE /* Debug */,
				5E83BEDE28F55D6A00FEECDE /* Release */,
			);
			defaultConfigurationIsVisible = 0;
			defaultConfigurationName = Release;
		};
/* End XCConfigurationList section */
	};
	rootObject = 5E83BEBB28F55D6700FEECDE /* Project object */;
}
