// !$*UTF8*$!
{
	archiveVersion = 1;
	classes = {
	};
	objectVersion = 55;
	objects = {

/* Begin PBXBuildFile section */
		5E6C36F828C74F6D00C8E980 /* AppDelegate.m in Sources */ = {isa = PBXBuildFile; fileRef = 5E6C36F728C74F6D00C8E980 /* AppDelegate.m */; };
		5E6C36FB28C74F6D00C8E980 /* SceneDelegate.m in Sources */ = {isa = PBXBuildFile; fileRef = 5E6C36FA28C74F6D00C8E980 /* SceneDelegate.m */; };
		5E6C36FE28C74F6D00C8E980 /* ViewController.m in Sources */ = {isa = PBXBuildFile; fileRef = 5E6C36FD28C74F6D00C8E980 /* ViewController.m */; };
		5E6C370128C74F6D00C8E980 /* Main.storyboard in Resources */ = {isa = PBXBuildFile; fileRef = 5E6C36FF28C74F6D00C8E980 /* Main.storyboard */; };
		5E6C370328C74F6F00C8E980 /* Assets.xcassets in Resources */ = {isa = PBXBuildFile; fileRef = 5E6C370228C74F6F00C8E980 /* Assets.xcassets */; };
		5E6C370628C74F6F00C8E980 /* LaunchScreen.storyboard in Resources */ = {isa = PBXBuildFile; fileRef = 5E6C370428C74F6F00C8E980 /* LaunchScreen.storyboard */; };
		5E6C370928C74F6F00C8E980 /* main.m in Sources */ = {isa = PBXBuildFile; fileRef = 5E6C370828C74F6F00C8E980 /* main.m */; };
		5E6C371428C824C400C8E980 /* Question1.m in Sources */ = {isa = PBXBuildFile; fileRef = 5E6C371328C824C400C8E980 /* Question1.m */; };
		5E6C371728C825D900C8E980 /* Question2.m in Sources */ = {isa = PBXBuildFile; fileRef = 5E6C371628C825D900C8E980 /* Question2.m */; };
		5E6C371D28C86DA600C8E980 /* Question3.m in Sources */ = {isa = PBXBuildFile; fileRef = 5E6C371C28C86DA600C8E980 /* Question3.m */; };
		5E6C372328C887F300C8E980 /* NSObject+Block.m in Sources */ = {isa = PBXBuildFile; fileRef = 5E6C372228C887F300C8E980 /* NSObject+Block.m */; };
/* End PBXBuildFile section */

/* Begin PBXFileReference section */
		5E6C36F328C74F6D00C8E980 /* HookBlockDemo.app */ = {isa = PBXFileReference; explicitFileType = wrapper.application; includeInIndex = 0; path = HookBlockDemo.app; sourceTree = BUILT_PRODUCTS_DIR; };
		5E6C36F628C74F6D00C8E980 /* AppDelegate.h */ = {isa = PBXFileReference; lastKnownFileType = sourcecode.c.h; path = AppDelegate.h; sourceTree = "<group>"; };
		5E6C36F728C74F6D00C8E980 /* AppDelegate.m */ = {isa = PBXFileReference; lastKnownFileType = sourcecode.c.objc; path = AppDelegate.m; sourceTree = "<group>"; };
		5E6C36F928C74F6D00C8E980 /* SceneDelegate.h */ = {isa = PBXFileReference; lastKnownFileType = sourcecode.c.h; path = SceneDelegate.h; sourceTree = "<group>"; };
		5E6C36FA28C74F6D00C8E980 /* SceneDelegate.m */ = {isa = PBXFileReference; lastKnownFileType = sourcecode.c.objc; path = SceneDelegate.m; sourceTree = "<group>"; };
		5E6C36FC28C74F6D00C8E980 /* ViewController.h */ = {isa = PBXFileReference; lastKnownFileType = sourcecode.c.h; path = ViewController.h; sourceTree = "<group>"; };
		5E6C36FD28C74F6D00C8E980 /* ViewController.m */ = {isa = PBXFileReference; lastKnownFileType = sourcecode.c.objc; path = ViewController.m; sourceTree = "<group>"; };
		5E6C370028C74F6D00C8E980 /* Base */ = {isa = PBXFileReference; lastKnownFileType = file.storyboard; name = Base; path = Base.lproj/Main.storyboard; sourceTree = "<group>"; };
		5E6C370228C74F6F00C8E980 /* Assets.xcassets */ = {isa = PBXFileReference; lastKnownFileType = folder.assetcatalog; path = Assets.xcassets; sourceTree = "<group>"; };
		5E6C370528C74F6F00C8E980 /* Base */ = {isa = PBXFileReference; lastKnownFileType = file.storyboard; name = Base; path = Base.lproj/LaunchScreen.storyboard; sourceTree = "<group>"; };
		5E6C370728C74F6F00C8E980 /* Info.plist */ = {isa = PBXFileReference; lastKnownFileType = text.plist.xml; path = Info.plist; sourceTree = "<group>"; };
		5E6C370828C74F6F00C8E980 /* main.m */ = {isa = PBXFileReference; lastKnownFileType = sourcecode.c.objc; path = main.m; sourceTree = "<group>"; };
		5E6C371228C824C400C8E980 /* Question1.h */ = {isa = PBXFileReference; lastKnownFileType = sourcecode.c.h; path = Question1.h; sourceTree = "<group>"; };
		5E6C371328C824C400C8E980 /* Question1.m */ = {isa = PBXFileReference; lastKnownFileType = sourcecode.c.objc; path = Question1.m; sourceTree = "<group>"; };
		5E6C371528C825D900C8E980 /* Question2.h */ = {isa = PBXFileReference; lastKnownFileType = sourcecode.c.h; path = Question2.h; sourceTree = "<group>"; };
		5E6C371628C825D900C8E980 /* Question2.m */ = {isa = PBXFileReference; lastKnownFileType = sourcecode.c.objc; path = Question2.m; sourceTree = "<group>"; };
		5E6C371B28C86DA600C8E980 /* Question3.h */ = {isa = PBXFileReference; lastKnownFileType = sourcecode.c.h; path = Question3.h; sourceTree = "<group>"; };
		5E6C371C28C86DA600C8E980 /* Question3.m */ = {isa = PBXFileReference; lastKnownFileType = sourcecode.c.objc; path = Question3.m; sourceTree = "<group>"; };
		5E6C372028C885A200C8E980 /* Block_Private.h */ = {isa = PBXFileReference; lastKnownFileType = sourcecode.c.h; path = Block_Private.h; sourceTree = "<group>"; };
		5E6C372128C887F300C8E980 /* NSObject+Block.h */ = {isa = PBXFileReference; lastKnownFileType = sourcecode.c.h; path = "NSObject+Block.h"; sourceTree = "<group>"; };
		5E6C372228C887F300C8E980 /* NSObject+Block.m */ = {isa = PBXFileReference; lastKnownFileType = sourcecode.c.objc; path = "NSObject+Block.m"; sourceTree = "<group>"; };
/* End PBXFileReference section */

/* Begin PBXFrameworksBuildPhase section */
		5E6C36F028C74F6D00C8E980 /* Frameworks */ = {
			isa = PBXFrameworksBuildPhase;
			buildActionMask = 2147483647;
			files = (
			);
			runOnlyForDeploymentPostprocessing = 0;
		};
/* End PBXFrameworksBuildPhase section */

/* Begin PBXGroup section */
		5E6C36EA28C74F6D00C8E980 = {
			isa = PBXGroup;
			children = (
				5E6C36F528C74F6D00C8E980 /* HookBlockDemo */,
				5E6C36F428C74F6D00C8E980 /* Products */,
			);
			sourceTree = "<group>";
		};
		5E6C36F428C74F6D00C8E980 /* Products */ = {
			isa = PBXGroup;
			children = (
				5E6C36F328C74F6D00C8E980 /* HookBlockDemo.app */,
			);
			name = Products;
			sourceTree = "<group>";
		};
		5E6C36F528C74F6D00C8E980 /* HookBlockDemo */ = {
			isa = PBXGroup;
			children = (
				5E6C36F628C74F6D00C8E980 /* AppDelegate.h */,
				5E6C36F728C74F6D00C8E980 /* AppDelegate.m */,
				5E6C36F928C74F6D00C8E980 /* SceneDelegate.h */,
				5E6C36FA28C74F6D00C8E980 /* SceneDelegate.m */,
				5E6C36FC28C74F6D00C8E980 /* ViewController.h */,
				5E6C36FD28C74F6D00C8E980 /* ViewController.m */,
				5E6C371228C824C400C8E980 /* Question1.h */,
				5E6C371328C824C400C8E980 /* Question1.m */,
				5E6C371528C825D900C8E980 /* Question2.h */,
				5E6C371628C825D900C8E980 /* Question2.m */,
				5E6C371B28C86DA600C8E980 /* Question3.h */,
				5E6C371C28C86DA600C8E980 /* Question3.m */,
				5E6C372028C885A200C8E980 /* Block_Private.h */,
				5E6C372128C887F300C8E980 /* NSObject+Block.h */,
				5E6C372228C887F300C8E980 /* NSObject+Block.m */,
				5E6C36FF28C74F6D00C8E980 /* Main.storyboard */,
				5E6C370228C74F6F00C8E980 /* Assets.xcassets */,
				5E6C370428C74F6F00C8E980 /* LaunchScreen.storyboard */,
				5E6C370728C74F6F00C8E980 /* Info.plist */,
				5E6C370828C74F6F00C8E980 /* main.m */,
			);
			path = HookBlockDemo;
			sourceTree = "<group>";
		};
/* End PBXGroup section */

/* Begin PBXNativeTarget section */
		5E6C36F228C74F6D00C8E980 /* HookBlockDemo */ = {
			isa = PBXNativeTarget;
			buildConfigurationList = 5E6C370C28C74F6F00C8E980 /* Build configuration list for PBXNativeTarget "HookBlockDemo" */;
			buildPhases = (
				5E6C36EF28C74F6D00C8E980 /* Sources */,
				5E6C36F028C74F6D00C8E980 /* Frameworks */,
				5E6C36F128C74F6D00C8E980 /* Resources */,
			);
			buildRules = (
			);
			dependencies = (
			);
			name = HookBlockDemo;
			productName = HookBlockDemo;
			productReference = 5E6C36F328C74F6D00C8E980 /* HookBlockDemo.app */;
			productType = "com.apple.product-type.application";
		};
/* End PBXNativeTarget section */

/* Begin PBXProject section */
		5E6C36EB28C74F6D00C8E980 /* Project object */ = {
			isa = PBXProject;
			attributes = {
				BuildIndependentTargetsInParallel = 1;
				LastUpgradeCheck = 1340;
				TargetAttributes = {
					5E6C36F228C74F6D00C8E980 = {
						CreatedOnToolsVersion = 13.4.1;
					};
				};
			};
			buildConfigurationList = 5E6C36EE28C74F6D00C8E980 /* Build configuration list for PBXProject "HookBlockDemo" */;
			compatibilityVersion = "Xcode 13.0";
			developmentRegion = en;
			hasScannedForEncodings = 0;
			knownRegions = (
				en,
				Base,
			);
			mainGroup = 5E6C36EA28C74F6D00C8E980;
			productRefGroup = 5E6C36F428C74F6D00C8E980 /* Products */;
			projectDirPath = "";
			projectRoot = "";
			targets = (
				5E6C36F228C74F6D00C8E980 /* HookBlockDemo */,
			);
		};
/* End PBXProject section */

/* Begin PBXResourcesBuildPhase section */
		5E6C36F128C74F6D00C8E980 /* Resources */ = {
			isa = PBXResourcesBuildPhase;
			buildActionMask = 2147483647;
			files = (
				5E6C370628C74F6F00C8E980 /* LaunchScreen.storyboard in Resources */,
				5E6C370328C74F6F00C8E980 /* Assets.xcassets in Resources */,
				5E6C370128C74F6D00C8E980 /* Main.storyboard in Resources */,
			);
			runOnlyForDeploymentPostprocessing = 0;
		};
/* End PBXResourcesBuildPhase section */

/* Begin PBXSourcesBuildPhase section */
		5E6C36EF28C74F6D00C8E980 /* Sources */ = {
			isa = PBXSourcesBuildPhase;
			buildActionMask = 2147483647;
			files = (
				5E6C36FE28C74F6D00C8E980 /* ViewController.m in Sources */,
				5E6C372328C887F300C8E980 /* NSObject+Block.m in Sources */,
				5E6C371428C824C400C8E980 /* Question1.m in Sources */,
				5E6C36F828C74F6D00C8E980 /* AppDelegate.m in Sources */,
				5E6C370928C74F6F00C8E980 /* main.m in Sources */,
				5E6C371728C825D900C8E980 /* Question2.m in Sources */,
				5E6C36FB28C74F6D00C8E980 /* SceneDelegate.m in Sources */,
				5E6C371D28C86DA600C8E980 /* Question3.m in Sources */,
			);
			runOnlyForDeploymentPostprocessing = 0;
		};
/* End PBXSourcesBuildPhase section */

/* Begin PBXVariantGroup section */
		5E6C36FF28C74F6D00C8E980 /* Main.storyboard */ = {
			isa = PBXVariantGroup;
			children = (
				5E6C370028C74F6D00C8E980 /* Base */,
			);
			name = Main.storyboard;
			sourceTree = "<group>";
		};
		5E6C370428C74F6F00C8E980 /* LaunchScreen.storyboard */ = {
			isa = PBXVariantGroup;
			children = (
				5E6C370528C74F6F00C8E980 /* Base */,
			);
			name = LaunchScreen.storyboard;
			sourceTree = "<group>";
		};
/* End PBXVariantGroup section */

/* Begin XCBuildConfiguration section */
		5E6C370A28C74F6F00C8E980 /* Debug */ = {
			isa = XCBuildConfiguration;
			buildSettings = {
				ALWAYS_SEARCH_USER_PATHS = NO;
				CLANG_ANALYZER_NONNULL = YES;
				CLANG_ANALYZER_NUMBER_OBJECT_CONVERSION = YES_AGGRESSIVE;
				CLANG_CXX_LANGUAGE_STANDARD = "gnu++17";
				CLANG_ENABLE_MODULES = YES;
				CLANG_ENABLE_OBJC_ARC = YES;
				CLANG_ENABLE_OBJC_WEAK = YES;
				CLANG_WARN_BLOCK_CAPTURE_AUTORELEASING = YES;
				CLANG_WARN_BOOL_CONVERSION = YES;
				CLANG_WARN_COMMA = YES;
				CLANG_WARN_CONSTANT_CONVERSION = YES;
				CLANG_WARN_DEPRECATED_OBJC_IMPLEMENTATIONS = YES;
				CLANG_WARN_DIRECT_OBJC_ISA_USAGE = YES_ERROR;
				CLANG_WARN_DOCUMENTATION_COMMENTS = YES;
				CLANG_WARN_EMPTY_BODY = YES;
				CLANG_WARN_ENUM_CONVERSION = YES;
				CLANG_WARN_INFINITE_RECURSION = YES;
				CLANG_WARN_INT_CONVERSION = YES;
				CLANG_WARN_NON_LITERAL_NULL_CONVERSION = YES;
				CLANG_WARN_OBJC_IMPLICIT_RETAIN_SELF = YES;
				CLANG_WARN_OBJC_LITERAL_CONVERSION = YES;
				CLANG_WARN_OBJC_ROOT_CLASS = YES_ERROR;
				CLANG_WARN_QUOTED_INCLUDE_IN_FRAMEWORK_HEADER = YES;
				CLANG_WARN_RANGE_LOOP_ANALYSIS = YES;
				CLANG_WARN_STRICT_PROTOTYPES = YES;
				CLANG_WARN_SUSPICIOUS_MOVE = YES;
				CLANG_WARN_UNGUARDED_AVAILABILITY = YES_AGGRESSIVE;
				CLANG_WARN_UNREACHABLE_CODE = YES;
				CLANG_WARN__DUPLICATE_METHOD_MATCH = YES;
				COPY_PHASE_STRIP = NO;
				DEBUG_INFORMATION_FORMAT = dwarf;
				ENABLE_STRICT_OBJC_MSGSEND = YES;
				ENABLE_TESTABILITY = YES;
				GCC_C_LANGUAGE_STANDARD = gnu11;
				GCC_DYNAMIC_NO_PIC = NO;
				GCC_NO_COMMON_BLOCKS = YES;
				GCC_OPTIMIZATION_LEVEL = 0;
				GCC_PREPROCESSOR_DEFINITIONS = (
					"DEBUG=1",
					"$(inherited)",
				);
				GCC_WARN_64_TO_32_BIT_CONVERSION = YES;
				GCC_WARN_ABOUT_RETURN_TYPE = YES_ERROR;
				GCC_WARN_UNDECLARED_SELECTOR = YES;
				GCC_WARN_UNINITIALIZED_AUTOS = YES_AGGRESSIVE;
				GCC_WARN_UNUSED_FUNCTION = YES;
				GCC_WARN_UNUSED_VARIABLE = YES;
				IPHONEOS_DEPLOYMENT_TARGET = 15.5;
				MTL_ENABLE_DEBUG_INFO = INCLUDE_SOURCE;
				MTL_FAST_MATH = YES;
				ONLY_ACTIVE_ARCH = YES;
				SDKROOT = iphoneos;
			};
			name = Debug;
		};
		5E6C370B28C74F6F00C8E980 /* Release */ = {
			isa = XCBuildConfiguration;
			buildSettings = {
				ALWAYS_SEARCH_USER_PATHS = NO;
				CLANG_ANALYZER_NONNULL = YES;
				CLANG_ANALYZER_NUMBER_OBJECT_CONVERSION = YES_AGGRESSIVE;
				CLANG_CXX_LANGUAGE_STANDARD = "gnu++17";
				CLANG_ENABLE_MODULES = YES;
				CLANG_ENABLE_OBJC_ARC = YES;
				CLANG_ENABLE_OBJC_WEAK = YES;
				CLANG_WARN_BLOCK_CAPTURE_AUTORELEASING = YES;
				CLANG_WARN_BOOL_CONVERSION = YES;
				CLANG_WARN_COMMA = YES;
				CLANG_WARN_CONSTANT_CONVERSION = YES;
				CLANG_WARN_DEPRECATED_OBJC_IMPLEMENTATIONS = YES;
				CLANG_WARN_DIRECT_OBJC_ISA_USAGE = YES_ERROR;
				CLANG_WARN_DOCUMENTATION_COMMENTS = YES;
				CLANG_WARN_EMPTY_BODY = YES;
				CLANG_WARN_ENUM_CONVERSION = YES;
				CLANG_WARN_INFINITE_RECURSION = YES;
				CLANG_WARN_INT_CONVERSION = YES;
				CLANG_WARN_NON_LITERAL_NULL_CONVERSION = YES;
				CLANG_WARN_OBJC_IMPLICIT_RETAIN_SELF = YES;
				CLANG_WARN_OBJC_LITERAL_CONVERSION = YES;
				CLANG_WARN_OBJC_ROOT_CLASS = YES_ERROR;
				CLANG_WARN_QUOTED_INCLUDE_IN_FRAMEWORK_HEADER = YES;
				CLANG_WARN_RANGE_LOOP_ANALYSIS = YES;
				CLANG_WARN_STRICT_PROTOTYPES = YES;
				CLANG_WARN_SUSPICIOUS_MOVE = YES;
				CLANG_WARN_UNGUARDED_AVAILABILITY = YES_AGGRESSIVE;
				CLANG_WARN_UNREACHABLE_CODE = YES;
				CLANG_WARN__DUPLICATE_METHOD_MATCH = YES;
				COPY_PHASE_STRIP = NO;
				DEBUG_INFORMATION_FORMAT = "dwarf-with-dsym";
				ENABLE_NS_ASSERTIONS = NO;
				ENABLE_STRICT_OBJC_MSGSEND = YES;
				GCC_C_LANGUAGE_STANDARD = gnu11;
				GCC_NO_COMMON_BLOCKS = YES;
				GCC_WARN_64_TO_32_BIT_CONVERSION = YES;
				GCC_WARN_ABOUT_RETURN_TYPE = YES_ERROR;
				GCC_WARN_UNDECLARED_SELECTOR = YES;
				GCC_WARN_UNINITIALIZED_AUTOS = YES_AGGRESSIVE;
				GCC_WARN_UNUSED_FUNCTION = YES;
				GCC_WARN_UNUSED_VARIABLE = YES;
				IPHONEOS_DEPLOYMENT_TARGET = 15.5;
				MTL_ENABLE_DEBUG_INFO = NO;
				MTL_FAST_MATH = YES;
				SDKROOT = iphoneos;
				VALIDATE_PRODUCT = YES;
			};
			name = Release;
		};
		5E6C370D28C74F6F00C8E980 /* Debug */ = {
			isa = XCBuildConfiguration;
			buildSettings = {
				ASSETCATALOG_COMPILER_APPICON_NAME = AppIcon;
				ASSETCATALOG_COMPILER_GLOBAL_ACCENT_COLOR_NAME = AccentColor;
				CODE_SIGN_STYLE = Automatic;
				CURRENT_PROJECT_VERSION = 1;
				DEVELOPMENT_TEAM = X496RVQDTB;
				GENERATE_INFOPLIST_FILE = YES;
				INFOPLIST_FILE = HookBlockDemo/Info.plist;
				INFOPLIST_KEY_UIApplicationSupportsIndirectInputEvents = YES;
				INFOPLIST_KEY_UILaunchStoryboardName = LaunchScreen;
				INFOPLIST_KEY_UIMainStoryboardFile = Main;
				INFOPLIST_KEY_UISupportedInterfaceOrientations_iPad = "UIInterfaceOrientationPortrait UIInterfaceOrientationPortraitUpsideDown UIInterfaceOrientationLandscapeLeft UIInterfaceOrientationLandscapeRight";
				INFOPLIST_KEY_UISupportedInterfaceOrientations_iPhone = "UIInterfaceOrientationPortrait UIInterfaceOrientationLandscapeLeft UIInterfaceOrientationLandscapeRight";
				IPHONEOS_DEPLOYMENT_TARGET = 9.0;
				LD_RUNPATH_SEARCH_PATHS = (
					"$(inherited)",
					"@executable_path/Frameworks",
				);
				MARKETING_VERSION = 1.0;
				PRODUCT_BUNDLE_IDENTIFIER = com.xl.HookBlockDemo;
				PRODUCT_NAME = "$(TARGET_NAME)";
				SWIFT_EMIT_LOC_STRINGS = YES;
				TARGETED_DEVICE_FAMILY = "1,2";
			};
			name = Debug;
		};
		5E6C370E28C74F6F00C8E980 /* Release */ = {
			isa = XCBuildConfiguration;
			buildSettings = {
				ASSETCATALOG_COMPILER_APPICON_NAME = AppIcon;
				ASSETCATALOG_COMPILER_GLOBAL_ACCENT_COLOR_NAME = AccentColor;
				CODE_SIGN_STYLE = Automatic;
				CURRENT_PROJECT_VERSION = 1;
				DEVELOPMENT_TEAM = 276WGPYG7N;
				GENERATE_INFOPLIST_FILE = YES;
				INFOPLIST_FILE = HookBlockDemo/Info.plist;
				INFOPLIST_KEY_UIApplicationSupportsIndirectInputEvents = YES;
				INFOPLIST_KEY_UILaunchStoryboardName = LaunchScreen;
				INFOPLIST_KEY_UIMainStoryboardFile = Main;
				INFOPLIST_KEY_UISupportedInterfaceOrientations_iPad = "UIInterfaceOrientationPortrait UIInterfaceOrientationPortraitUpsideDown UIInterfaceOrientationLandscapeLeft UIInterfaceOrientationLandscapeRight";
				INFOPLIST_KEY_UISupportedInterfaceOrientations_iPhone = "UIInterfaceOrientationPortrait UIInterfaceOrientationLandscapeLeft UIInterfaceOrientationLandscapeRight";
				IPHONEOS_DEPLOYMENT_TARGET = 9.0;
				LD_RUNPATH_SEARCH_PATHS = (
					"$(inherited)",
					"@executable_path/Frameworks",
				);
				MARKETING_VERSION = 1.0;
				PRODUCT_BUNDLE_IDENTIFIER = com.xl.HookBlockDemo;
				PRODUCT_NAME = "$(TARGET_NAME)";
				SWIFT_EMIT_LOC_STRINGS = YES;
				TARGETED_DEVICE_FAMILY = "1,2";
			};
			name = Release;
		};
/* End XCBuildConfiguration section */

/* Begin XCConfigurationList section */
		5E6C36EE28C74F6D00C8E980 /* Build configuration list for PBXProject "HookBlockDemo" */ = {
			isa = XCConfigurationList;
			buildConfigurations = (
				5E6C370A28C74F6F00C8E980 /* Debug */,
				5E6C370B28C74F6F00C8E980 /* Release */,
			);
			defaultConfigurationIsVisible = 0;
			defaultConfigurationName = Release;
		};
		5E6C370C28C74F6F00C8E980 /* Build configuration list for PBXNativeTarget "HookBlockDemo" */ = {
			isa = XCConfigurationList;
			buildConfigurations = (
				5E6C370D28C74F6F00C8E980 /* Debug */,
				5E6C370E28C74F6F00C8E980 /* Release */,
			);
			defaultConfigurationIsVisible = 0;
			defaultConfigurationName = Release;
		};
/* End XCConfigurationList section */
	};
	rootObject = 5E6C36EB28C74F6D00C8E980 /* Project object */;
}
